
Microsoft Visual Studio Solution File, Format Version 12.00
# Visual Studio Version 17
VisualStudioVersion = 17.11.35431.28
MinimumVisualStudioVersion = 10.0.40219.1
Project("{9A19103F-16F7-4668-BE54-9A1E7A4F7556}") = "Api", "Api.csproj", "{CF68C675-1E6F-45FA-8F39-6827252E3ED0}"
EndProject
Global
	GlobalSection(SolutionConfigurationPlatforms) = preSolution
		Debug|Any CPU = Debug|Any CPU
		Release|Any CPU = Release|Any CPU
	EndGlobalSection
	GlobalSection(ProjectConfigurationPlatforms) = postSolution
		{CF68C675-1E6F-45FA-8F39-6827252E3ED0}.Debug|Any CPU.ActiveCfg = Debug|Any CPU
		{CF68C675-1E6F-45FA-8F39-6827252E3ED0}.Debug|Any CPU.Build.0 = Debug|Any CPU
		{CF68C675-1E6F-45FA-8F39-6827252E3ED0}.Release|Any CPU.ActiveCfg = Release|Any CPU
		{CF68C675-1E6F-45FA-8F39-6827252E3ED0}.Release|Any CPU.Build.0 = Release|Any CPU
	EndGlobalSection
	GlobalSection(SolutionProperties) = preSolution
		HideSolutionNode = FALSE
	EndGlobalSection
	GlobalSection(ExtensibilityGlobals) = postSolution
		SolutionGuid = {B8E0E50B-9E8E-4519-92DF-EF9343FFFC22}
	EndGlobalSection
EndGlobal
